// !$*UTF8*$!
{
	archiveVersion = 1;
	classes = {
	};
	objectVersion = 48;
	objects = {

/* Begin PBXBuildFile section */
		3313415BD7AAE026DE8051C9 /* Pods_SocialMessenger.framework in Frameworks */ = {isa = PBXBuildFile; fileRef = 1FA754CF40FF86A6EEC957F4 /* Pods_SocialMessenger.framework */; };
		9D1789FB064C8C3B6573471B /* Pods_SocialMessengerTests.framework in Frameworks */ = {isa = PBXBuildFile; fileRef = A9059E3BF5E232275F979876 /* Pods_SocialMessengerTests.framework */; };
		CF178A4D1F85C3EF00C3E472 /* AppDelegateRootTransitionSpec.swift in Sources */ = {isa = PBXBuildFile; fileRef = CF178A4C1F85C3EF00C3E472 /* AppDelegateRootTransitionSpec.swift */; };
		CF178A4F1F85D5D200C3E472 /* UtilSpec.swift in Sources */ = {isa = PBXBuildFile; fileRef = CF178A4E1F85D5D200C3E472 /* UtilSpec.swift */; };
		CF178A511F85E54300C3E472 /* LoggerSpec.swift in Sources */ = {isa = PBXBuildFile; fileRef = CF178A501F85E54300C3E472 /* LoggerSpec.swift */; };
		CF28DB7A1F83E51100FE5F5F /* AppComponents.swift in Sources */ = {isa = PBXBuildFile; fileRef = CF28DB791F83E51100FE5F5F /* AppComponents.swift */; };
		CF3B43621F577347008EC4B2 /* AppDelegate.swift in Sources */ = {isa = PBXBuildFile; fileRef = CF95EAB71F57725200237D4C /* AppDelegate.swift */; };
		CF95EA9E1F5771F200237D4C /* Assets.xcassets in Resources */ = {isa = PBXBuildFile; fileRef = CF95EA9D1F5771F200237D4C /* Assets.xcassets */; };
		CF95EAAC1F5771F200237D4C /* SocialMessengerTests.swift in Sources */ = {isa = PBXBuildFile; fileRef = CF95EAAB1F5771F200237D4C /* SocialMessengerTests.swift */; };
		CF96A6611F89BD4A001E8333 /* ApiClientSpec.swift in Sources */ = {isa = PBXBuildFile; fileRef = CF96A6601F89BD4A001E8333 /* ApiClientSpec.swift */; };
		CF96A6631F89BEB1001E8333 /* AuthApiServiceSpec.swift in Sources */ = {isa = PBXBuildFile; fileRef = CF96A6621F89BEB1001E8333 /* AuthApiServiceSpec.swift */; };
		CF96A6651F89C491001E8333 /* AuthManagerSpec.swift in Sources */ = {isa = PBXBuildFile; fileRef = CF96A6641F89C491001E8333 /* AuthManagerSpec.swift */; };
		CFA18A1D1F854A06003AC8B9 /* UIKitRxSpec.swift in Sources */ = {isa = PBXBuildFile; fileRef = CFA18A1C1F854A06003AC8B9 /* UIKitRxSpec.swift */; };
		CFADCBCC1F861521000633B1 /* RegisterViewController.swift in Sources */ = {isa = PBXBuildFile; fileRef = CFADCBCB1F861521000633B1 /* RegisterViewController.swift */; };
		CFADCBCE1F86152A000633B1 /* RegisterViewModel.swift in Sources */ = {isa = PBXBuildFile; fileRef = CFADCBCD1F86152A000633B1 /* RegisterViewModel.swift */; };
		CFADCBD31F86185B000633B1 /* ForgotPasswordViewModel.swift in Sources */ = {isa = PBXBuildFile; fileRef = CFADCBD21F86185B000633B1 /* ForgotPasswordViewModel.swift */; };
		CFADCBD41F86199C000633B1 /* ForgotPasswordViewController.swift in Sources */ = {isa = PBXBuildFile; fileRef = CFADCBD01F861851000633B1 /* ForgotPasswordViewController.swift */; };
		CFADCBED1F8621BA000633B1 /* APIClientType.swift in Sources */ = {isa = PBXBuildFile; fileRef = CFADCBE91F8621BA000633B1 /* APIClientType.swift */; };
		CFADCBEE1F8621BA000633B1 /* APIClient.swift in Sources */ = {isa = PBXBuildFile; fileRef = CFADCBEA1F8621BA000633B1 /* APIClient.swift */; };
		CFADCBEF1F8621BA000633B1 /* BusinessError.swift in Sources */ = {isa = PBXBuildFile; fileRef = CFADCBEC1F8621BA000633B1 /* BusinessError.swift */; };
		CFADCBF31F8621E5000633B1 /* AuthApiServiceType.swift in Sources */ = {isa = PBXBuildFile; fileRef = CFADCBF21F8621E5000633B1 /* AuthApiServiceType.swift */; };
		CFADCBF51F8621EF000633B1 /* AuthApiService.swift in Sources */ = {isa = PBXBuildFile; fileRef = CFADCBF41F8621EF000633B1 /* AuthApiService.swift */; };
		CFADCBF81F86236A000633B1 /* FacebookSDKRxExt.swift in Sources */ = {isa = PBXBuildFile; fileRef = CFADCBF71F86236A000633B1 /* FacebookSDKRxExt.swift */; };
		CFADCBFC1F862D6C000633B1 /* RxExt.swift in Sources */ = {isa = PBXBuildFile; fileRef = CFADCBF91F862D6B000633B1 /* RxExt.swift */; };
		CFADCBFD1F862D6C000633B1 /* AppDelegate+RootTransition.swift in Sources */ = {isa = PBXBuildFile; fileRef = CFADCBFA1F862D6B000633B1 /* AppDelegate+RootTransition.swift */; };
		CFADCBFE1F862D6C000633B1 /* UIKit+Rx.swift in Sources */ = {isa = PBXBuildFile; fileRef = CFADCBFB1F862D6B000633B1 /* UIKit+Rx.swift */; };
		CFADCC021F862E5D000633B1 /* ToastHelper.swift in Sources */ = {isa = PBXBuildFile; fileRef = CFADCC011F862E5D000633B1 /* ToastHelper.swift */; };
		CFB31CF61F84DB4200D6B226 /* AuthModelSpec.swift in Sources */ = {isa = PBXBuildFile; fileRef = CFB31CF51F84DB4200D6B226 /* AuthModelSpec.swift */; };
		CFB31CF81F84DC3000D6B226 /* KeyChainAuthCredentialStorageSpec.swift in Sources */ = {isa = PBXBuildFile; fileRef = CFB31CF71F84DC3000D6B226 /* KeyChainAuthCredentialStorageSpec.swift */; };
		CFB31CFA1F84DE5C00D6B226 /* UserDefaultsAuthCredentialStorageSpec.swift in Sources */ = {isa = PBXBuildFile; fileRef = CFB31CF91F84DE5C00D6B226 /* UserDefaultsAuthCredentialStorageSpec.swift */; };
		CFB31CFD1F84E25A00D6B226 /* DataValidatorSpec.swift in Sources */ = {isa = PBXBuildFile; fileRef = CFB31CFC1F84E25A00D6B226 /* DataValidatorSpec.swift */; };
		CFB31CFF1F84E4B200D6B226 /* AppComponentsSpec.swift in Sources */ = {isa = PBXBuildFile; fileRef = CFB31CFE1F84E4B200D6B226 /* AppComponentsSpec.swift */; };
		CFB31D011F84E5FD00D6B226 /* ViewControllerFactorySpec.swift in Sources */ = {isa = PBXBuildFile; fileRef = CFB31D001F84E5FD00D6B226 /* ViewControllerFactorySpec.swift */; };
		CFB31D041F8526AF00D6B226 /* EventsLoggerSpec.swift in Sources */ = {isa = PBXBuildFile; fileRef = CFB31D031F8526AF00D6B226 /* EventsLoggerSpec.swift */; };
		CFB31D061F85277F00D6B226 /* BindableTypeSpec.swift in Sources */ = {isa = PBXBuildFile; fileRef = CFB31D051F85277F00D6B226 /* BindableTypeSpec.swift */; };
		CFB31D081F8528CD00D6B226 /* LoadingIndicatorSpec.swift in Sources */ = {isa = PBXBuildFile; fileRef = CFB31D071F8528CD00D6B226 /* LoadingIndicatorSpec.swift */; };
		CFB31D0A1F8529AC00D6B226 /* RxExtSpec.swift in Sources */ = {isa = PBXBuildFile; fileRef = CFB31D091F8529AC00D6B226 /* RxExtSpec.swift */; };
		CFCF92451F59521600531261 /* AuthManaging.swift in Sources */ = {isa = PBXBuildFile; fileRef = CFCF92441F59521600531261 /* AuthManaging.swift */; };
		CFCF92471F59523000531261 /* AuthManager.swift in Sources */ = {isa = PBXBuildFile; fileRef = CFCF92461F59523000531261 /* AuthManager.swift */; };
		CFCF924A1F59554800531261 /* LoginViewController.swift in Sources */ = {isa = PBXBuildFile; fileRef = CFCF92491F59554800531261 /* LoginViewController.swift */; };
		CFCF924C1F59569600531261 /* AuthModels.swift in Sources */ = {isa = PBXBuildFile; fileRef = CFCF924B1F59569600531261 /* AuthModels.swift */; };
		CFCF924E1F5956D400531261 /* AuthCredentialsStorage.swift in Sources */ = {isa = PBXBuildFile; fileRef = CFCF924D1F5956D400531261 /* AuthCredentialsStorage.swift */; };
		CFCF92511F59590700531261 /* EventsLogging.swift in Sources */ = {isa = PBXBuildFile; fileRef = CFCF92501F59590700531261 /* EventsLogging.swift */; };
		CFCF92531F59594400531261 /* EventsLogger.swift in Sources */ = {isa = PBXBuildFile; fileRef = CFCF92521F59594400531261 /* EventsLogger.swift */; };
		CFCF92571F595CD700531261 /* Configs.swift in Sources */ = {isa = PBXBuildFile; fileRef = CFCF92561F595CD700531261 /* Configs.swift */; };
		CFCF925A1F5965CB00531261 /* Auth.storyboard in Resources */ = {isa = PBXBuildFile; fileRef = CFCF92591F5965CB00531261 /* Auth.storyboard */; };
		CFCF925C1F59698E00531261 /* LogInViewModel.swift in Sources */ = {isa = PBXBuildFile; fileRef = CFCF925B1F59698E00531261 /* LogInViewModel.swift */; };
		CFCF925F1F596D8A00531261 /* ViewControllerFactory.swift in Sources */ = {isa = PBXBuildFile; fileRef = CFCF925E1F596D8A00531261 /* ViewControllerFactory.swift */; };
		CFCF92621F596EE400531261 /* Home.storyboard in Resources */ = {isa = PBXBuildFile; fileRef = CFCF92611F596EE400531261 /* Home.storyboard */; };
		CFCF92641F596EEF00531261 /* HomeViewController.swift in Sources */ = {isa = PBXBuildFile; fileRef = CFCF92631F596EEF00531261 /* HomeViewController.swift */; };
		CFDC490A1F577889000C612C /* LaunchScreen.storyboard in Resources */ = {isa = PBXBuildFile; fileRef = CFDC49091F577889000C612C /* LaunchScreen.storyboard */; };
		CFDC490C1F577895000C612C /* Main.storyboard in Resources */ = {isa = PBXBuildFile; fileRef = CFDC490B1F577895000C612C /* Main.storyboard */; };
		CFDC491C1F57799B000C612C /* BindableType.swift in Sources */ = {isa = PBXBuildFile; fileRef = CFDC490F1F57799B000C612C /* BindableType.swift */; };
		CFDC491E1F57799B000C612C /* DataValidator.swift in Sources */ = {isa = PBXBuildFile; fileRef = CFDC49111F57799B000C612C /* DataValidator.swift */; };
		CFDC49201F57799B000C612C /* LoadingIndicator.swift in Sources */ = {isa = PBXBuildFile; fileRef = CFDC49131F57799B000C612C /* LoadingIndicator.swift */; };
		CFDC49211F57799B000C612C /* Logger.swift in Sources */ = {isa = PBXBuildFile; fileRef = CFDC49141F57799B000C612C /* Logger.swift */; };
		CFDC49221F57799B000C612C /* Notifications.swift in Sources */ = {isa = PBXBuildFile; fileRef = CFDC49151F57799B000C612C /* Notifications.swift */; };
		CFDC49271F57799B000C612C /* Utils.swift in Sources */ = {isa = PBXBuildFile; fileRef = CFDC491A1F57799B000C612C /* Utils.swift */; };
/* End PBXBuildFile section */

/* Begin PBXContainerItemProxy section */
		CF95EAA81F5771F200237D4C /* PBXContainerItemProxy */ = {
			isa = PBXContainerItemProxy;
			containerPortal = CF95EA8B1F5771F200237D4C /* Project object */;
			proxyType = 1;
			remoteGlobalIDString = CF95EA921F5771F200237D4C;
			remoteInfo = SocialMessenger;
		};
/* End PBXContainerItemProxy section */

/* Begin PBXFileReference section */
		1CACAF2BB4D091346CAB955E /* Pods-SocialMessenger.debug.xcconfig */ = {isa = PBXFileReference; includeInIndex = 1; lastKnownFileType = text.xcconfig; name = "Pods-SocialMessenger.debug.xcconfig"; path = "Pods/Target Support Files/Pods-SocialMessenger/Pods-SocialMessenger.debug.xcconfig"; sourceTree = "<group>"; };
		1FA754CF40FF86A6EEC957F4 /* Pods_SocialMessenger.framework */ = {isa = PBXFileReference; explicitFileType = wrapper.framework; includeInIndex = 0; path = Pods_SocialMessenger.framework; sourceTree = BUILT_PRODUCTS_DIR; };
		6E866C8DEF04ECE64B606A88 /* Pods-SocialMessengerTests.release.xcconfig */ = {isa = PBXFileReference; includeInIndex = 1; lastKnownFileType = text.xcconfig; name = "Pods-SocialMessengerTests.release.xcconfig"; path = "Pods/Target Support Files/Pods-SocialMessengerTests/Pods-SocialMessengerTests.release.xcconfig"; sourceTree = "<group>"; };
		846F52B4805DCAAF98C76500 /* Pods-SocialMessengerTests.debug.xcconfig */ = {isa = PBXFileReference; includeInIndex = 1; lastKnownFileType = text.xcconfig; name = "Pods-SocialMessengerTests.debug.xcconfig"; path = "Pods/Target Support Files/Pods-SocialMessengerTests/Pods-SocialMessengerTests.debug.xcconfig"; sourceTree = "<group>"; };
		A9059E3BF5E232275F979876 /* Pods_SocialMessengerTests.framework */ = {isa = PBXFileReference; explicitFileType = wrapper.framework; includeInIndex = 0; path = Pods_SocialMessengerTests.framework; sourceTree = BUILT_PRODUCTS_DIR; };
		C5E56C00BD1D3CC4FEC75DFA /* Pods-SocialMessenger.release.xcconfig */ = {isa = PBXFileReference; includeInIndex = 1; lastKnownFileType = text.xcconfig; name = "Pods-SocialMessenger.release.xcconfig"; path = "Pods/Target Support Files/Pods-SocialMessenger/Pods-SocialMessenger.release.xcconfig"; sourceTree = "<group>"; };
		CF178A4C1F85C3EF00C3E472 /* AppDelegateRootTransitionSpec.swift */ = {isa = PBXFileReference; lastKnownFileType = sourcecode.swift; path = AppDelegateRootTransitionSpec.swift; sourceTree = "<group>"; };
		CF178A4E1F85D5D200C3E472 /* UtilSpec.swift */ = {isa = PBXFileReference; lastKnownFileType = sourcecode.swift; path = UtilSpec.swift; sourceTree = "<group>"; };
		CF178A501F85E54300C3E472 /* LoggerSpec.swift */ = {isa = PBXFileReference; lastKnownFileType = sourcecode.swift; path = LoggerSpec.swift; sourceTree = "<group>"; };
		CF28DB791F83E51100FE5F5F /* AppComponents.swift */ = {isa = PBXFileReference; lastKnownFileType = sourcecode.swift; path = AppComponents.swift; sourceTree = "<group>"; };
		CF95EA931F5771F200237D4C /* SocialMessenger.app */ = {isa = PBXFileReference; explicitFileType = wrapper.application; includeInIndex = 0; path = SocialMessenger.app; sourceTree = BUILT_PRODUCTS_DIR; };
		CF95EA9D1F5771F200237D4C /* Assets.xcassets */ = {isa = PBXFileReference; lastKnownFileType = folder.assetcatalog; path = Assets.xcassets; sourceTree = "<group>"; };
		CF95EAA21F5771F200237D4C /* Info.plist */ = {isa = PBXFileReference; lastKnownFileType = text.plist.xml; path = Info.plist; sourceTree = "<group>"; };
		CF95EAA71F5771F200237D4C /* SocialMessengerTests.xctest */ = {isa = PBXFileReference; explicitFileType = wrapper.cfbundle; includeInIndex = 0; path = SocialMessengerTests.xctest; sourceTree = BUILT_PRODUCTS_DIR; };
		CF95EAAB1F5771F200237D4C /* SocialMessengerTests.swift */ = {isa = PBXFileReference; lastKnownFileType = sourcecode.swift; path = SocialMessengerTests.swift; sourceTree = "<group>"; };
		CF95EAAD1F5771F200237D4C /* Info.plist */ = {isa = PBXFileReference; lastKnownFileType = text.plist.xml; path = Info.plist; sourceTree = "<group>"; };
		CF95EAB71F57725200237D4C /* AppDelegate.swift */ = {isa = PBXFileReference; lastKnownFileType = sourcecode.swift; path = AppDelegate.swift; sourceTree = "<group>"; };
		CF96A6601F89BD4A001E8333 /* ApiClientSpec.swift */ = {isa = PBXFileReference; lastKnownFileType = sourcecode.swift; path = ApiClientSpec.swift; sourceTree = "<group>"; };
		CF96A6621F89BEB1001E8333 /* AuthApiServiceSpec.swift */ = {isa = PBXFileReference; lastKnownFileType = sourcecode.swift; path = AuthApiServiceSpec.swift; sourceTree = "<group>"; };
		CF96A6641F89C491001E8333 /* AuthManagerSpec.swift */ = {isa = PBXFileReference; lastKnownFileType = sourcecode.swift; path = AuthManagerSpec.swift; sourceTree = "<group>"; };
		CFA18A1C1F854A06003AC8B9 /* UIKitRxSpec.swift */ = {isa = PBXFileReference; lastKnownFileType = sourcecode.swift; path = UIKitRxSpec.swift; sourceTree = "<group>"; };
		CFADCBCB1F861521000633B1 /* RegisterViewController.swift */ = {isa = PBXFileReference; lastKnownFileType = sourcecode.swift; path = RegisterViewController.swift; sourceTree = "<group>"; };
		CFADCBCD1F86152A000633B1 /* RegisterViewModel.swift */ = {isa = PBXFileReference; lastKnownFileType = sourcecode.swift; path = RegisterViewModel.swift; sourceTree = "<group>"; };
		CFADCBD01F861851000633B1 /* ForgotPasswordViewController.swift */ = {isa = PBXFileReference; lastKnownFileType = sourcecode.swift; path = ForgotPasswordViewController.swift; sourceTree = "<group>"; };
		CFADCBD21F86185B000633B1 /* ForgotPasswordViewModel.swift */ = {isa = PBXFileReference; lastKnownFileType = sourcecode.swift; path = ForgotPasswordViewModel.swift; sourceTree = "<group>"; };
		CFADCBE91F8621BA000633B1 /* APIClientType.swift */ = {isa = PBXFileReference; fileEncoding = 4; lastKnownFileType = sourcecode.swift; path = APIClientType.swift; sourceTree = "<group>"; };
		CFADCBEA1F8621BA000633B1 /* APIClient.swift */ = {isa = PBXFileReference; fileEncoding = 4; lastKnownFileType = sourcecode.swift; path = APIClient.swift; sourceTree = "<group>"; };
		CFADCBEC1F8621BA000633B1 /* BusinessError.swift */ = {isa = PBXFileReference; fileEncoding = 4; lastKnownFileType = sourcecode.swift; path = BusinessError.swift; sourceTree = "<group>"; };
		CFADCBF21F8621E5000633B1 /* AuthApiServiceType.swift */ = {isa = PBXFileReference; lastKnownFileType = sourcecode.swift; path = AuthApiServiceType.swift; sourceTree = "<group>"; };
		CFADCBF41F8621EF000633B1 /* AuthApiService.swift */ = {isa = PBXFileReference; lastKnownFileType = sourcecode.swift; path = AuthApiService.swift; sourceTree = "<group>"; };
		CFADCBF71F86236A000633B1 /* FacebookSDKRxExt.swift */ = {isa = PBXFileReference; lastKnownFileType = sourcecode.swift; path = FacebookSDKRxExt.swift; sourceTree = "<group>"; };
		CFADCBF91F862D6B000633B1 /* RxExt.swift */ = {isa = PBXFileReference; fileEncoding = 4; lastKnownFileType = sourcecode.swift; path = RxExt.swift; sourceTree = "<group>"; };
		CFADCBFA1F862D6B000633B1 /* AppDelegate+RootTransition.swift */ = {isa = PBXFileReference; fileEncoding = 4; lastKnownFileType = sourcecode.swift; path = "AppDelegate+RootTransition.swift"; sourceTree = "<group>"; };
		CFADCBFB1F862D6B000633B1 /* UIKit+Rx.swift */ = {isa = PBXFileReference; fileEncoding = 4; lastKnownFileType = sourcecode.swift; path = "UIKit+Rx.swift"; sourceTree = "<group>"; };
		CFADCC011F862E5D000633B1 /* ToastHelper.swift */ = {isa = PBXFileReference; lastKnownFileType = sourcecode.swift; path = ToastHelper.swift; sourceTree = "<group>"; };
		CFB31CF51F84DB4200D6B226 /* AuthModelSpec.swift */ = {isa = PBXFileReference; lastKnownFileType = sourcecode.swift; path = AuthModelSpec.swift; sourceTree = "<group>"; };
		CFB31CF71F84DC3000D6B226 /* KeyChainAuthCredentialStorageSpec.swift */ = {isa = PBXFileReference; lastKnownFileType = sourcecode.swift; path = KeyChainAuthCredentialStorageSpec.swift; sourceTree = "<group>"; };
		CFB31CF91F84DE5C00D6B226 /* UserDefaultsAuthCredentialStorageSpec.swift */ = {isa = PBXFileReference; lastKnownFileType = sourcecode.swift; path = UserDefaultsAuthCredentialStorageSpec.swift; sourceTree = "<group>"; };
		CFB31CFC1F84E25A00D6B226 /* DataValidatorSpec.swift */ = {isa = PBXFileReference; lastKnownFileType = sourcecode.swift; path = DataValidatorSpec.swift; sourceTree = "<group>"; };
		CFB31CFE1F84E4B200D6B226 /* AppComponentsSpec.swift */ = {isa = PBXFileReference; lastKnownFileType = sourcecode.swift; path = AppComponentsSpec.swift; sourceTree = "<group>"; };
		CFB31D001F84E5FD00D6B226 /* ViewControllerFactorySpec.swift */ = {isa = PBXFileReference; lastKnownFileType = sourcecode.swift; path = ViewControllerFactorySpec.swift; sourceTree = "<group>"; };
		CFB31D031F8526AF00D6B226 /* EventsLoggerSpec.swift */ = {isa = PBXFileReference; lastKnownFileType = sourcecode.swift; path = EventsLoggerSpec.swift; sourceTree = "<group>"; };
		CFB31D051F85277F00D6B226 /* BindableTypeSpec.swift */ = {isa = PBXFileReference; lastKnownFileType = sourcecode.swift; path = BindableTypeSpec.swift; sourceTree = "<group>"; };
		CFB31D071F8528CD00D6B226 /* LoadingIndicatorSpec.swift */ = {isa = PBXFileReference; lastKnownFileType = sourcecode.swift; path = LoadingIndicatorSpec.swift; sourceTree = "<group>"; };
		CFB31D091F8529AC00D6B226 /* RxExtSpec.swift */ = {isa = PBXFileReference; lastKnownFileType = sourcecode.swift; path = RxExtSpec.swift; sourceTree = "<group>"; };
		CFCF92441F59521600531261 /* AuthManaging.swift */ = {isa = PBXFileReference; fileEncoding = 4; lastKnownFileType = sourcecode.swift; path = AuthManaging.swift; sourceTree = "<group>"; };
		CFCF92461F59523000531261 /* AuthManager.swift */ = {isa = PBXFileReference; fileEncoding = 4; lastKnownFileType = sourcecode.swift; path = AuthManager.swift; sourceTree = "<group>"; };
		CFCF92491F59554800531261 /* LoginViewController.swift */ = {isa = PBXFileReference; fileEncoding = 4; lastKnownFileType = sourcecode.swift; path = LoginViewController.swift; sourceTree = "<group>"; };
		CFCF924B1F59569600531261 /* AuthModels.swift */ = {isa = PBXFileReference; fileEncoding = 4; lastKnownFileType = sourcecode.swift; path = AuthModels.swift; sourceTree = "<group>"; };
		CFCF924D1F5956D400531261 /* AuthCredentialsStorage.swift */ = {isa = PBXFileReference; fileEncoding = 4; lastKnownFileType = sourcecode.swift; path = AuthCredentialsStorage.swift; sourceTree = "<group>"; };
		CFCF92501F59590700531261 /* EventsLogging.swift */ = {isa = PBXFileReference; fileEncoding = 4; lastKnownFileType = sourcecode.swift; path = EventsLogging.swift; sourceTree = "<group>"; };
		CFCF92521F59594400531261 /* EventsLogger.swift */ = {isa = PBXFileReference; fileEncoding = 4; lastKnownFileType = sourcecode.swift; path = EventsLogger.swift; sourceTree = "<group>"; };
		CFCF92561F595CD700531261 /* Configs.swift */ = {isa = PBXFileReference; fileEncoding = 4; lastKnownFileType = sourcecode.swift; path = Configs.swift; sourceTree = "<group>"; };
		CFCF92591F5965CB00531261 /* Auth.storyboard */ = {isa = PBXFileReference; fileEncoding = 4; lastKnownFileType = file.storyboard; path = Auth.storyboard; sourceTree = "<group>"; };
		CFCF925B1F59698E00531261 /* LogInViewModel.swift */ = {isa = PBXFileReference; fileEncoding = 4; lastKnownFileType = sourcecode.swift; path = LogInViewModel.swift; sourceTree = "<group>"; };
		CFCF925E1F596D8A00531261 /* ViewControllerFactory.swift */ = {isa = PBXFileReference; fileEncoding = 4; lastKnownFileType = sourcecode.swift; path = ViewControllerFactory.swift; sourceTree = "<group>"; };
		CFCF92611F596EE400531261 /* Home.storyboard */ = {isa = PBXFileReference; fileEncoding = 4; lastKnownFileType = file.storyboard; path = Home.storyboard; sourceTree = "<group>"; };
		CFCF92631F596EEF00531261 /* HomeViewController.swift */ = {isa = PBXFileReference; fileEncoding = 4; lastKnownFileType = sourcecode.swift; path = HomeViewController.swift; sourceTree = "<group>"; };
		CFDC49091F577889000C612C /* LaunchScreen.storyboard */ = {isa = PBXFileReference; fileEncoding = 4; lastKnownFileType = file.storyboard; path = LaunchScreen.storyboard; sourceTree = "<group>"; };
		CFDC490B1F577895000C612C /* Main.storyboard */ = {isa = PBXFileReference; fileEncoding = 4; lastKnownFileType = file.storyboard; path = Main.storyboard; sourceTree = "<group>"; };
		CFDC490F1F57799B000C612C /* BindableType.swift */ = {isa = PBXFileReference; fileEncoding = 4; lastKnownFileType = sourcecode.swift; path = BindableType.swift; sourceTree = "<group>"; };
		CFDC49111F57799B000C612C /* DataValidator.swift */ = {isa = PBXFileReference; fileEncoding = 4; lastKnownFileType = sourcecode.swift; path = DataValidator.swift; sourceTree = "<group>"; };
		CFDC49131F57799B000C612C /* LoadingIndicator.swift */ = {isa = PBXFileReference; fileEncoding = 4; lastKnownFileType = sourcecode.swift; path = LoadingIndicator.swift; sourceTree = "<group>"; };
		CFDC49141F57799B000C612C /* Logger.swift */ = {isa = PBXFileReference; fileEncoding = 4; lastKnownFileType = sourcecode.swift; path = Logger.swift; sourceTree = "<group>"; };
		CFDC49151F57799B000C612C /* Notifications.swift */ = {isa = PBXFileReference; fileEncoding = 4; lastKnownFileType = sourcecode.swift; path = Notifications.swift; sourceTree = "<group>"; };
		CFDC491A1F57799B000C612C /* Utils.swift */ = {isa = PBXFileReference; fileEncoding = 4; lastKnownFileType = sourcecode.swift; path = Utils.swift; sourceTree = "<group>"; };
/* End PBXFileReference section */

/* Begin PBXFrameworksBuildPhase section */
		CF95EA901F5771F200237D4C /* Frameworks */ = {
			isa = PBXFrameworksBuildPhase;
			buildActionMask = 2147483647;
			files = (
				3313415BD7AAE026DE8051C9 /* Pods_SocialMessenger.framework in Frameworks */,
			);
			runOnlyForDeploymentPostprocessing = 0;
		};
		CF95EAA41F5771F200237D4C /* Frameworks */ = {
			isa = PBXFrameworksBuildPhase;
			buildActionMask = 2147483647;
			files = (
				9D1789FB064C8C3B6573471B /* Pods_SocialMessengerTests.framework in Frameworks */,
			);
			runOnlyForDeploymentPostprocessing = 0;
		};
/* End PBXFrameworksBuildPhase section */

/* Begin PBXGroup section */
		43891427BA49D9C250C8A854 /* Pods */ = {
			isa = PBXGroup;
			children = (
				1CACAF2BB4D091346CAB955E /* Pods-SocialMessenger.debug.xcconfig */,
				C5E56C00BD1D3CC4FEC75DFA /* Pods-SocialMessenger.release.xcconfig */,
				846F52B4805DCAAF98C76500 /* Pods-SocialMessengerTests.debug.xcconfig */,
				6E866C8DEF04ECE64B606A88 /* Pods-SocialMessengerTests.release.xcconfig */,
			);
			name = Pods;
			sourceTree = "<group>";
		};
		8E1665B3ECA93694C4FF0432 /* Frameworks */ = {
			isa = PBXGroup;
			children = (
				1FA754CF40FF86A6EEC957F4 /* Pods_SocialMessenger.framework */,
				A9059E3BF5E232275F979876 /* Pods_SocialMessengerTests.framework */,
			);
			name = Frameworks;
			sourceTree = "<group>";
		};
		CF95EA8A1F5771F200237D4C = {
			isa = PBXGroup;
			children = (
				CF95EA951F5771F200237D4C /* SocialMessenger */,
				CF95EAAA1F5771F200237D4C /* SocialMessengerTests */,
				CF95EA941F5771F200237D4C /* Products */,
				43891427BA49D9C250C8A854 /* Pods */,
				8E1665B3ECA93694C4FF0432 /* Frameworks */,
			);
			sourceTree = "<group>";
		};
		CF95EA941F5771F200237D4C /* Products */ = {
			isa = PBXGroup;
			children = (
				CF95EA931F5771F200237D4C /* SocialMessenger.app */,
				CF95EAA71F5771F200237D4C /* SocialMessengerTests.xctest */,
			);
			name = Products;
			sourceTree = "<group>";
		};
		CF95EA951F5771F200237D4C /* SocialMessenger */ = {
			isa = PBXGroup;
			children = (
				CF95EABA1F57726A00237D4C /* Misc */,
				CF95EAB61F57725200237D4C /* AppConfig */,
				CF95EAB81F57725200237D4C /* Components */,
				CF95EAB91F57725200237D4C /* Scenes */,
				CF95EA9D1F5771F200237D4C /* Assets.xcassets */,
				CF95EAA21F5771F200237D4C /* Info.plist */,
			);
			path = SocialMessenger;
			sourceTree = "<group>";
		};
		CF95EAAA1F5771F200237D4C /* SocialMessengerTests */ = {
			isa = PBXGroup;
			children = (
				CFB31CF31F84DAB900D6B226 /* Components */,
				CFB31CF21F84DAAC00D6B226 /* AppConfig */,
				CF95EAAB1F5771F200237D4C /* SocialMessengerTests.swift */,
				CF95EAAD1F5771F200237D4C /* Info.plist */,
			);
			path = SocialMessengerTests;
			sourceTree = "<group>";
		};
		CF95EAB61F57725200237D4C /* AppConfig */ = {
			isa = PBXGroup;
			children = (
				CF95EAB71F57725200237D4C /* AppDelegate.swift */,
				CFCF92561F595CD700531261 /* Configs.swift */,
				CFCF925E1F596D8A00531261 /* ViewControllerFactory.swift */,
				CF28DB791F83E51100FE5F5F /* AppComponents.swift */,
			);
			path = AppConfig;
			sourceTree = "<group>";
		};
		CF95EAB81F57725200237D4C /* Components */ = {
			isa = PBXGroup;
			children = (
				CFADCBE81F8621BA000633B1 /* ApiClient */,
				CFADCBEB1F8621BA000633B1 /* BusinessError */,
				CFCF924F1F5958F400531261 /* EventsLogger */,
				CFCF92431F5951F500531261 /* Auth */,
				CFDC490D1F57799B000C612C /* Common */,
			);
			path = Components;
			sourceTree = "<group>";
		};
		CF95EAB91F57725200237D4C /* Scenes */ = {
			isa = PBXGroup;
			children = (
				CFADCBCF1F861842000633B1 /* ForgotPassword */,
				CFADCBCA1F861512000633B1 /* Register */,
				CFCF92601F596EDB00531261 /* Home */,
				CFCF92481F59554000531261 /* LogIn */,
				CFCF92581F5965B900531261 /* Storyboards */,
			);
			path = Scenes;
			sourceTree = "<group>";
		};
		CF95EABA1F57726A00237D4C /* Misc */ = {
			isa = PBXGroup;
			children = (
				CFDC49091F577889000C612C /* LaunchScreen.storyboard */,
				CFDC490B1F577895000C612C /* Main.storyboard */,
			);
			path = Misc;
			sourceTree = "<group>";
		};
		CF96A65F1F89BD40001E8333 /* ApiClient */ = {
			isa = PBXGroup;
			children = (
				CF96A6601F89BD4A001E8333 /* ApiClientSpec.swift */,
			);
			path = ApiClient;
			sourceTree = "<group>";
		};
		CFADCBCA1F861512000633B1 /* Register */ = {
			isa = PBXGroup;
			children = (
				CFADCBCB1F861521000633B1 /* RegisterViewController.swift */,
				CFADCBCD1F86152A000633B1 /* RegisterViewModel.swift */,
			);
			path = Register;
			sourceTree = "<group>";
		};
		CFADCBCF1F861842000633B1 /* ForgotPassword */ = {
			isa = PBXGroup;
			children = (
				CFADCBD01F861851000633B1 /* ForgotPasswordViewController.swift */,
				CFADCBD21F86185B000633B1 /* ForgotPasswordViewModel.swift */,
			);
			path = ForgotPassword;
			sourceTree = "<group>";
		};
		CFADCBE81F8621BA000633B1 /* ApiClient */ = {
			isa = PBXGroup;
			children = (
				CFADCBE91F8621BA000633B1 /* APIClientType.swift */,
				CFADCBEA1F8621BA000633B1 /* APIClient.swift */,
			);
			path = ApiClient;
			sourceTree = "<group>";
		};
		CFADCBEB1F8621BA000633B1 /* BusinessError */ = {
			isa = PBXGroup;
			children = (
				CFADCBEC1F8621BA000633B1 /* BusinessError.swift */,
			);
			path = BusinessError;
			sourceTree = "<group>";
		};
		CFADCBF61F862339000633B1 /* Extensions */ = {
			isa = PBXGroup;
			children = (
				CFADCBFA1F862D6B000633B1 /* AppDelegate+RootTransition.swift */,
				CFADCBF91F862D6B000633B1 /* RxExt.swift */,
				CFADCBFB1F862D6B000633B1 /* UIKit+Rx.swift */,
				CFADCBF71F86236A000633B1 /* FacebookSDKRxExt.swift */,
			);
			path = Extensions;
			sourceTree = "<group>";
		};
		CFB31CF21F84DAAC00D6B226 /* AppConfig */ = {
			isa = PBXGroup;
			children = (
				CFB31CFE1F84E4B200D6B226 /* AppComponentsSpec.swift */,
				CFB31D001F84E5FD00D6B226 /* ViewControllerFactorySpec.swift */,
			);
			path = AppConfig;
			sourceTree = "<group>";
		};
		CFB31CF31F84DAB900D6B226 /* Components */ = {
			isa = PBXGroup;
			children = (
				CF96A65F1F89BD40001E8333 /* ApiClient */,
				CFB31D021F8526A300D6B226 /* EventLogger */,
				CFB31CFB1F84E24D00D6B226 /* Common */,
				CFB31CF41F84DB2D00D6B226 /* Auth */,
			);
			path = Components;
			sourceTree = "<group>";
		};
		CFB31CF41F84DB2D00D6B226 /* Auth */ = {
			isa = PBXGroup;
			children = (
				CFB31CF51F84DB4200D6B226 /* AuthModelSpec.swift */,
				CFB31CF71F84DC3000D6B226 /* KeyChainAuthCredentialStorageSpec.swift */,
				CFB31CF91F84DE5C00D6B226 /* UserDefaultsAuthCredentialStorageSpec.swift */,
				CF96A6621F89BEB1001E8333 /* AuthApiServiceSpec.swift */,
				CF96A6641F89C491001E8333 /* AuthManagerSpec.swift */,
			);
			path = Auth;
			sourceTree = "<group>";
		};
		CFB31CFB1F84E24D00D6B226 /* Common */ = {
			isa = PBXGroup;
			children = (
				CFB31CFC1F84E25A00D6B226 /* DataValidatorSpec.swift */,
				CFB31D051F85277F00D6B226 /* BindableTypeSpec.swift */,
				CFB31D071F8528CD00D6B226 /* LoadingIndicatorSpec.swift */,
				CFB31D091F8529AC00D6B226 /* RxExtSpec.swift */,
				CFA18A1C1F854A06003AC8B9 /* UIKitRxSpec.swift */,
				CF178A4C1F85C3EF00C3E472 /* AppDelegateRootTransitionSpec.swift */,
				CF178A4E1F85D5D200C3E472 /* UtilSpec.swift */,
				CF178A501F85E54300C3E472 /* LoggerSpec.swift */,
			);
			path = Common;
			sourceTree = "<group>";
		};
		CFB31D021F8526A300D6B226 /* EventLogger */ = {
			isa = PBXGroup;
			children = (
				CFB31D031F8526AF00D6B226 /* EventsLoggerSpec.swift */,
			);
			path = EventLogger;
			sourceTree = "<group>";
		};
		CFCF92431F5951F500531261 /* Auth */ = {
			isa = PBXGroup;
			children = (
				CFCF924B1F59569600531261 /* AuthModels.swift */,
				CFCF92441F59521600531261 /* AuthManaging.swift */,
				CFCF92461F59523000531261 /* AuthManager.swift */,
				CFCF924D1F5956D400531261 /* AuthCredentialsStorage.swift */,
				CFADCBF21F8621E5000633B1 /* AuthApiServiceType.swift */,
				CFADCBF41F8621EF000633B1 /* AuthApiService.swift */,
			);
			path = Auth;
			sourceTree = "<group>";
		};
		CFCF92481F59554000531261 /* LogIn */ = {
			isa = PBXGroup;
			children = (
				CFCF92491F59554800531261 /* LoginViewController.swift */,
				CFCF925B1F59698E00531261 /* LogInViewModel.swift */,
			);
			path = LogIn;
			sourceTree = "<group>";
		};
		CFCF924F1F5958F400531261 /* EventsLogger */ = {
			isa = PBXGroup;
			children = (
				CFCF92501F59590700531261 /* EventsLogging.swift */,
				CFCF92521F59594400531261 /* EventsLogger.swift */,
			);
			path = EventsLogger;
			sourceTree = "<group>";
		};
		CFCF92581F5965B900531261 /* Storyboards */ = {
			isa = PBXGroup;
			children = (
				CFCF92591F5965CB00531261 /* Auth.storyboard */,
				CFCF92611F596EE400531261 /* Home.storyboard */,
			);
			path = Storyboards;
			sourceTree = "<group>";
		};
		CFCF92601F596EDB00531261 /* Home */ = {
			isa = PBXGroup;
			children = (
				CFCF92631F596EEF00531261 /* HomeViewController.swift */,
			);
			path = Home;
			sourceTree = "<group>";
		};
		CFDC490D1F57799B000C612C /* Common */ = {
			isa = PBXGroup;
			children = (
				CFADCBF61F862339000633B1 /* Extensions */,
				CFDC490F1F57799B000C612C /* BindableType.swift */,
				CFDC49111F57799B000C612C /* DataValidator.swift */,
				CFDC49131F57799B000C612C /* LoadingIndicator.swift */,
				CFDC49141F57799B000C612C /* Logger.swift */,
				CFDC49151F57799B000C612C /* Notifications.swift */,
				CFDC491A1F57799B000C612C /* Utils.swift */,
				CFADCC011F862E5D000633B1 /* ToastHelper.swift */,
			);
			path = Common;
			sourceTree = "<group>";
		};
/* End PBXGroup section */

/* Begin PBXNativeTarget section */
		CF95EA921F5771F200237D4C /* SocialMessenger */ = {
			isa = PBXNativeTarget;
			buildConfigurationList = CF95EAB01F5771F200237D4C /* Build configuration list for PBXNativeTarget "SocialMessenger" */;
			buildPhases = (
				45DC2AE304A7BDD193C983D1 /* [CP] Check Pods Manifest.lock */,
				CF95EA8F1F5771F200237D4C /* Sources */,
				CF95EA901F5771F200237D4C /* Frameworks */,
				CF95EA911F5771F200237D4C /* Resources */,
				09CA50C47FB29AA709F9930D /* [CP] Embed Pods Frameworks */,
				7017976EDFA446A4DF1B1E71 /* [CP] Copy Pods Resources */,
			);
			buildRules = (
			);
			dependencies = (
			);
			name = SocialMessenger;
			productName = SocialMessenger;
			productReference = CF95EA931F5771F200237D4C /* SocialMessenger.app */;
			productType = "com.apple.product-type.application";
		};
		CF95EAA61F5771F200237D4C /* SocialMessengerTests */ = {
			isa = PBXNativeTarget;
			buildConfigurationList = CF95EAB31F5771F200237D4C /* Build configuration list for PBXNativeTarget "SocialMessengerTests" */;
			buildPhases = (
				6C3072BD9C419D83E8237E34 /* [CP] Check Pods Manifest.lock */,
				CF95EAA31F5771F200237D4C /* Sources */,
				CF95EAA41F5771F200237D4C /* Frameworks */,
				CF95EAA51F5771F200237D4C /* Resources */,
				E12F004EBDE9D7FD160D9333 /* [CP] Embed Pods Frameworks */,
				2266B81FBA39CD41B6B59984 /* [CP] Copy Pods Resources */,
			);
			buildRules = (
			);
			dependencies = (
				CF95EAA91F5771F200237D4C /* PBXTargetDependency */,
			);
			name = SocialMessengerTests;
			productName = SocialMessengerTests;
			productReference = CF95EAA71F5771F200237D4C /* SocialMessengerTests.xctest */;
			productType = "com.apple.product-type.bundle.unit-test";
		};
/* End PBXNativeTarget section */

/* Begin PBXProject section */
		CF95EA8B1F5771F200237D4C /* Project object */ = {
			isa = PBXProject;
			attributes = {
				LastSwiftUpdateCheck = 0900;
				LastUpgradeCheck = 0900;
				ORGANIZATIONNAME = "Khanh Pham";
				TargetAttributes = {
					CF95EA921F5771F200237D4C = {
						CreatedOnToolsVersion = 9.0;
						ProvisioningStyle = Automatic;
					};
					CF95EAA61F5771F200237D4C = {
						CreatedOnToolsVersion = 9.0;
						ProvisioningStyle = Automatic;
						TestTargetID = CF95EA921F5771F200237D4C;
					};
				};
			};
			buildConfigurationList = CF95EA8E1F5771F200237D4C /* Build configuration list for PBXProject "SocialMessenger" */;
			compatibilityVersion = "Xcode 8.0";
			developmentRegion = en;
			hasScannedForEncodings = 0;
			knownRegions = (
				en,
				Base,
			);
			mainGroup = CF95EA8A1F5771F200237D4C;
			productRefGroup = CF95EA941F5771F200237D4C /* Products */;
			projectDirPath = "";
			projectRoot = "";
			targets = (
				CF95EA921F5771F200237D4C /* SocialMessenger */,
				CF95EAA61F5771F200237D4C /* SocialMessengerTests */,
			);
		};
/* End PBXProject section */

/* Begin PBXResourcesBuildPhase section */
		CF95EA911F5771F200237D4C /* Resources */ = {
			isa = PBXResourcesBuildPhase;
			buildActionMask = 2147483647;
			files = (
				CFCF925A1F5965CB00531261 /* Auth.storyboard in Resources */,
				CFCF92621F596EE400531261 /* Home.storyboard in Resources */,
				CFDC490C1F577895000C612C /* Main.storyboard in Resources */,
				CF95EA9E1F5771F200237D4C /* Assets.xcassets in Resources */,
				CFDC490A1F577889000C612C /* LaunchScreen.storyboard in Resources */,
			);
			runOnlyForDeploymentPostprocessing = 0;
		};
		CF95EAA51F5771F200237D4C /* Resources */ = {
			isa = PBXResourcesBuildPhase;
			buildActionMask = 2147483647;
			files = (
			);
			runOnlyForDeploymentPostprocessing = 0;
		};
/* End PBXResourcesBuildPhase section */

/* Begin PBXShellScriptBuildPhase section */
		09CA50C47FB29AA709F9930D /* [CP] Embed Pods Frameworks */ = {
			isa = PBXShellScriptBuildPhase;
			buildActionMask = 2147483647;
			files = (
			);
			inputPaths = (
				"${SRCROOT}/Pods/Target Support Files/Pods-SocialMessenger/Pods-SocialMessenger-frameworks.sh",
				"${BUILT_PRODUCTS_DIR}/Alamofire/Alamofire.framework",
				"${BUILT_PRODUCTS_DIR}/Bolts/Bolts.framework",
				"${BUILT_PRODUCTS_DIR}/CocoaLumberjack/CocoaLumberjack.framework",
				"${BUILT_PRODUCTS_DIR}/Differentiator/Differentiator.framework",
				"${BUILT_PRODUCTS_DIR}/FBSDKCoreKit/FBSDKCoreKit.framework",
				"${BUILT_PRODUCTS_DIR}/FBSDKLoginKit/FBSDKLoginKit.framework",
				"${BUILT_PRODUCTS_DIR}/FacebookCore/FacebookCore.framework",
				"${BUILT_PRODUCTS_DIR}/FacebookLogin/FacebookLogin.framework",
				"${BUILT_PRODUCTS_DIR}/IQKeyboardManagerSwift/IQKeyboardManagerSwift.framework",
				"${BUILT_PRODUCTS_DIR}/KeychainAccess/KeychainAccess.framework",
				"${BUILT_PRODUCTS_DIR}/Mockingjay/Mockingjay.framework",
				"${BUILT_PRODUCTS_DIR}/NVActivityIndicatorView/NVActivityIndicatorView.framework",
				"${BUILT_PRODUCTS_DIR}/RxAlamofire/RxAlamofire.framework",
				"${BUILT_PRODUCTS_DIR}/RxCocoa/RxCocoa.framework",
				"${BUILT_PRODUCTS_DIR}/RxDataSources/RxDataSources.framework",
				"${BUILT_PRODUCTS_DIR}/RxGesture/RxGesture.framework",
				"${BUILT_PRODUCTS_DIR}/RxSwift/RxSwift.framework",
				"${BUILT_PRODUCTS_DIR}/RxSwiftExt/RxSwiftExt.framework",
				"${BUILT_PRODUCTS_DIR}/SCLAlertView/SCLAlertView.framework",
				"${BUILT_PRODUCTS_DIR}/SlackTextViewController/SlackTextViewController.framework",
				"${BUILT_PRODUCTS_DIR}/SwiftyJSON/SwiftyJSON.framework",
				"${BUILT_PRODUCTS_DIR}/SwiftyUserDefaults/SwiftyUserDefaults.framework",
				"${BUILT_PRODUCTS_DIR}/Swinject/Swinject.framework",
				"${BUILT_PRODUCTS_DIR}/Toaster/Toaster.framework",
				"${BUILT_PRODUCTS_DIR}/URITemplate/URITemplate.framework",
			);
			name = "[CP] Embed Pods Frameworks";
			outputPaths = (
				"${TARGET_BUILD_DIR}/${FRAMEWORKS_FOLDER_PATH}/Alamofire.framework",
				"${TARGET_BUILD_DIR}/${FRAMEWORKS_FOLDER_PATH}/Bolts.framework",
				"${TARGET_BUILD_DIR}/${FRAMEWORKS_FOLDER_PATH}/CocoaLumberjack.framework",
				"${TARGET_BUILD_DIR}/${FRAMEWORKS_FOLDER_PATH}/Differentiator.framework",
				"${TARGET_BUILD_DIR}/${FRAMEWORKS_FOLDER_PATH}/FBSDKCoreKit.framework",
				"${TARGET_BUILD_DIR}/${FRAMEWORKS_FOLDER_PATH}/FBSDKLoginKit.framework",
				"${TARGET_BUILD_DIR}/${FRAMEWORKS_FOLDER_PATH}/FacebookCore.framework",
				"${TARGET_BUILD_DIR}/${FRAMEWORKS_FOLDER_PATH}/FacebookLogin.framework",
				"${TARGET_BUILD_DIR}/${FRAMEWORKS_FOLDER_PATH}/IQKeyboardManagerSwift.framework",
				"${TARGET_BUILD_DIR}/${FRAMEWORKS_FOLDER_PATH}/KeychainAccess.framework",
				"${TARGET_BUILD_DIR}/${FRAMEWORKS_FOLDER_PATH}/Mockingjay.framework",
				"${TARGET_BUILD_DIR}/${FRAMEWORKS_FOLDER_PATH}/NVActivityIndicatorView.framework",
				"${TARGET_BUILD_DIR}/${FRAMEWORKS_FOLDER_PATH}/RxAlamofire.framework",
				"${TARGET_BUILD_DIR}/${FRAMEWORKS_FOLDER_PATH}/RxCocoa.framework",
				"${TARGET_BUILD_DIR}/${FRAMEWORKS_FOLDER_PATH}/RxDataSources.framework",
				"${TARGET_BUILD_DIR}/${FRAMEWORKS_FOLDER_PATH}/RxGesture.framework",
				"${TARGET_BUILD_DIR}/${FRAMEWORKS_FOLDER_PATH}/RxSwift.framework",
				"${TARGET_BUILD_DIR}/${FRAMEWORKS_FOLDER_PATH}/RxSwiftExt.framework",
				"${TARGET_BUILD_DIR}/${FRAMEWORKS_FOLDER_PATH}/SCLAlertView.framework",
				"${TARGET_BUILD_DIR}/${FRAMEWORKS_FOLDER_PATH}/SlackTextViewController.framework",
				"${TARGET_BUILD_DIR}/${FRAMEWORKS_FOLDER_PATH}/SwiftyJSON.framework",
				"${TARGET_BUILD_DIR}/${FRAMEWORKS_FOLDER_PATH}/SwiftyUserDefaults.framework",
				"${TARGET_BUILD_DIR}/${FRAMEWORKS_FOLDER_PATH}/Swinject.framework",
				"${TARGET_BUILD_DIR}/${FRAMEWORKS_FOLDER_PATH}/Toaster.framework",
				"${TARGET_BUILD_DIR}/${FRAMEWORKS_FOLDER_PATH}/URITemplate.framework",
			);
			runOnlyForDeploymentPostprocessing = 0;
			shellPath = /bin/sh;
			shellScript = "\"${SRCROOT}/Pods/Target Support Files/Pods-SocialMessenger/Pods-SocialMessenger-frameworks.sh\"\n";
			showEnvVarsInLog = 0;
		};
		2266B81FBA39CD41B6B59984 /* [CP] Copy Pods Resources */ = {
			isa = PBXShellScriptBuildPhase;
			buildActionMask = 2147483647;
			files = (
			);
			inputPaths = (
			);
			name = "[CP] Copy Pods Resources";
			outputPaths = (
			);
			runOnlyForDeploymentPostprocessing = 0;
			shellPath = /bin/sh;
			shellScript = "\"${SRCROOT}/Pods/Target Support Files/Pods-SocialMessengerTests/Pods-SocialMessengerTests-resources.sh\"\n";
			showEnvVarsInLog = 0;
		};
		45DC2AE304A7BDD193C983D1 /* [CP] Check Pods Manifest.lock */ = {
			isa = PBXShellScriptBuildPhase;
			buildActionMask = 2147483647;
			files = (
			);
			inputPaths = (
				"${PODS_PODFILE_DIR_PATH}/Podfile.lock",
				"${PODS_ROOT}/Manifest.lock",
			);
			name = "[CP] Check Pods Manifest.lock";
			outputPaths = (
				"$(DERIVED_FILE_DIR)/Pods-SocialMessenger-checkManifestLockResult.txt",
			);
			runOnlyForDeploymentPostprocessing = 0;
			shellPath = /bin/sh;
			shellScript = "diff \"${PODS_PODFILE_DIR_PATH}/Podfile.lock\" \"${PODS_ROOT}/Manifest.lock\" > /dev/null\nif [ $? != 0 ] ; then\n    # print error to STDERR\n    echo \"error: The sandbox is not in sync with the Podfile.lock. Run 'pod install' or update your CocoaPods installation.\" >&2\n    exit 1\nfi\n# This output is used by Xcode 'outputs' to avoid re-running this script phase.\necho \"SUCCESS\" > \"${SCRIPT_OUTPUT_FILE_0}\"\n";
			showEnvVarsInLog = 0;
		};
		6C3072BD9C419D83E8237E34 /* [CP] Check Pods Manifest.lock */ = {
			isa = PBXShellScriptBuildPhase;
			buildActionMask = 2147483647;
			files = (
			);
			inputPaths = (
				"${PODS_PODFILE_DIR_PATH}/Podfile.lock",
				"${PODS_ROOT}/Manifest.lock",
			);
			name = "[CP] Check Pods Manifest.lock";
			outputPaths = (
				"$(DERIVED_FILE_DIR)/Pods-SocialMessengerTests-checkManifestLockResult.txt",
			);
			runOnlyForDeploymentPostprocessing = 0;
			shellPath = /bin/sh;
			shellScript = "diff \"${PODS_PODFILE_DIR_PATH}/Podfile.lock\" \"${PODS_ROOT}/Manifest.lock\" > /dev/null\nif [ $? != 0 ] ; then\n    # print error to STDERR\n    echo \"error: The sandbox is not in sync with the Podfile.lock. Run 'pod install' or update your CocoaPods installation.\" >&2\n    exit 1\nfi\n# This output is used by Xcode 'outputs' to avoid re-running this script phase.\necho \"SUCCESS\" > \"${SCRIPT_OUTPUT_FILE_0}\"\n";
			showEnvVarsInLog = 0;
		};
		7017976EDFA446A4DF1B1E71 /* [CP] Copy Pods Resources */ = {
			isa = PBXShellScriptBuildPhase;
			buildActionMask = 2147483647;
			files = (
			);
			inputPaths = (
			);
			name = "[CP] Copy Pods Resources";
			outputPaths = (
			);
			runOnlyForDeploymentPostprocessing = 0;
			shellPath = /bin/sh;
			shellScript = "\"${SRCROOT}/Pods/Target Support Files/Pods-SocialMessenger/Pods-SocialMessenger-resources.sh\"\n";
			showEnvVarsInLog = 0;
		};
		E12F004EBDE9D7FD160D9333 /* [CP] Embed Pods Frameworks */ = {
			isa = PBXShellScriptBuildPhase;
			buildActionMask = 2147483647;
			files = (
			);
			inputPaths = (
				"${SRCROOT}/Pods/Target Support Files/Pods-SocialMessengerTests/Pods-SocialMessengerTests-frameworks.sh",
				"${BUILT_PRODUCTS_DIR}/RxSwift/RxSwift.framework",
				"${BUILT_PRODUCTS_DIR}/Nimble/Nimble.framework",
				"${BUILT_PRODUCTS_DIR}/Quick/Quick.framework",
				"${BUILT_PRODUCTS_DIR}/RxBlocking/RxBlocking.framework",
				"${BUILT_PRODUCTS_DIR}/RxTest/RxTest.framework",
			);
			name = "[CP] Embed Pods Frameworks";
			outputPaths = (
				"${TARGET_BUILD_DIR}/${FRAMEWORKS_FOLDER_PATH}/RxSwift.framework",
				"${TARGET_BUILD_DIR}/${FRAMEWORKS_FOLDER_PATH}/Nimble.framework",
				"${TARGET_BUILD_DIR}/${FRAMEWORKS_FOLDER_PATH}/Quick.framework",
				"${TARGET_BUILD_DIR}/${FRAMEWORKS_FOLDER_PATH}/RxBlocking.framework",
				"${TARGET_BUILD_DIR}/${FRAMEWORKS_FOLDER_PATH}/RxTest.framework",
			);
			runOnlyForDeploymentPostprocessing = 0;
			shellPath = /bin/sh;
			shellScript = "\"${SRCROOT}/Pods/Target Support Files/Pods-SocialMessengerTests/Pods-SocialMessengerTests-frameworks.sh\"\n";
			showEnvVarsInLog = 0;
		};
/* End PBXShellScriptBuildPhase section */

/* Begin PBXSourcesBuildPhase section */
		CF95EA8F1F5771F200237D4C /* Sources */ = {
			isa = PBXSourcesBuildPhase;
			buildActionMask = 2147483647;
			files = (
				CFCF924A1F59554800531261 /* LoginViewController.swift in Sources */,
				CFDC491C1F57799B000C612C /* BindableType.swift in Sources */,
				CF3B43621F577347008EC4B2 /* AppDelegate.swift in Sources */,
				CFCF924C1F59569600531261 /* AuthModels.swift in Sources */,
				CFADCBFE1F862D6C000633B1 /* UIKit+Rx.swift in Sources */,
				CF28DB7A1F83E51100FE5F5F /* AppComponents.swift in Sources */,
				CFADCBD31F86185B000633B1 /* ForgotPasswordViewModel.swift in Sources */,
				CFADCBEF1F8621BA000633B1 /* BusinessError.swift in Sources */,
				CFADCBF81F86236A000633B1 /* FacebookSDKRxExt.swift in Sources */,
				CFCF92571F595CD700531261 /* Configs.swift in Sources */,
				CFADCC021F862E5D000633B1 /* ToastHelper.swift in Sources */,
				CFADCBED1F8621BA000633B1 /* APIClientType.swift in Sources */,
				CFCF92641F596EEF00531261 /* HomeViewController.swift in Sources */,
				CFCF92471F59523000531261 /* AuthManager.swift in Sources */,
				CFADCBF51F8621EF000633B1 /* AuthApiService.swift in Sources */,
				CFADCBD41F86199C000633B1 /* ForgotPasswordViewController.swift in Sources */,
				CFCF925C1F59698E00531261 /* LogInViewModel.swift in Sources */,
				CFDC49271F57799B000C612C /* Utils.swift in Sources */,
				CFDC49221F57799B000C612C /* Notifications.swift in Sources */,
				CFADCBEE1F8621BA000633B1 /* APIClient.swift in Sources */,
				CFCF92531F59594400531261 /* EventsLogger.swift in Sources */,
				CFDC49201F57799B000C612C /* LoadingIndicator.swift in Sources */,
				CFADCBFD1F862D6C000633B1 /* AppDelegate+RootTransition.swift in Sources */,
				CFADCBCC1F861521000633B1 /* RegisterViewController.swift in Sources */,
				CFDC491E1F57799B000C612C /* DataValidator.swift in Sources */,
				CFCF92511F59590700531261 /* EventsLogging.swift in Sources */,
				CFCF924E1F5956D400531261 /* AuthCredentialsStorage.swift in Sources */,
				CFADCBCE1F86152A000633B1 /* RegisterViewModel.swift in Sources */,
				CFCF92451F59521600531261 /* AuthManaging.swift in Sources */,
				CFDC49211F57799B000C612C /* Logger.swift in Sources */,
				CFADCBF31F8621E5000633B1 /* AuthApiServiceType.swift in Sources */,
				CFCF925F1F596D8A00531261 /* ViewControllerFactory.swift in Sources */,
				CFADCBFC1F862D6C000633B1 /* RxExt.swift in Sources */,
			);
			runOnlyForDeploymentPostprocessing = 0;
		};
		CF95EAA31F5771F200237D4C /* Sources */ = {
			isa = PBXSourcesBuildPhase;
			buildActionMask = 2147483647;
			files = (
				CFB31CFD1F84E25A00D6B226 /* DataValidatorSpec.swift in Sources */,
				CFB31D041F8526AF00D6B226 /* EventsLoggerSpec.swift in Sources */,
				CF96A6611F89BD4A001E8333 /* ApiClientSpec.swift in Sources */,
				CFB31CF61F84DB4200D6B226 /* AuthModelSpec.swift in Sources */,
				CFB31CF81F84DC3000D6B226 /* KeyChainAuthCredentialStorageSpec.swift in Sources */,
				CFB31CFA1F84DE5C00D6B226 /* UserDefaultsAuthCredentialStorageSpec.swift in Sources */,
				CF96A6651F89C491001E8333 /* AuthManagerSpec.swift in Sources */,
				CFB31D061F85277F00D6B226 /* BindableTypeSpec.swift in Sources */,
				CFB31D0A1F8529AC00D6B226 /* RxExtSpec.swift in Sources */,
				CFB31CFF1F84E4B200D6B226 /* AppComponentsSpec.swift in Sources */,
				CF178A511F85E54300C3E472 /* LoggerSpec.swift in Sources */,
				CFB31D081F8528CD00D6B226 /* LoadingIndicatorSpec.swift in Sources */,
				CF95EAAC1F5771F200237D4C /* SocialMessengerTests.swift in Sources */,
				CF96A6631F89BEB1001E8333 /* AuthApiServiceSpec.swift in Sources */,
				CFB31D011F84E5FD00D6B226 /* ViewControllerFactorySpec.swift in Sources */,
				CFA18A1D1F854A06003AC8B9 /* UIKitRxSpec.swift in Sources */,
				CF178A4F1F85D5D200C3E472 /* UtilSpec.swift in Sources */,
				CF178A4D1F85C3EF00C3E472 /* AppDelegateRootTransitionSpec.swift in Sources */,
			);
			runOnlyForDeploymentPostprocessing = 0;
		};
/* End PBXSourcesBuildPhase section */

/* Begin PBXTargetDependency section */
		CF95EAA91F5771F200237D4C /* PBXTargetDependency */ = {
			isa = PBXTargetDependency;
			target = CF95EA921F5771F200237D4C /* SocialMessenger */;
			targetProxy = CF95EAA81F5771F200237D4C /* PBXContainerItemProxy */;
		};
/* End PBXTargetDependency section */

/* Begin XCBuildConfiguration section */
		CF95EAAE1F5771F200237D4C /* Debug */ = {
			isa = XCBuildConfiguration;
			buildSettings = {
				ALWAYS_SEARCH_USER_PATHS = NO;
				CLANG_ANALYZER_NONNULL = YES;
				CLANG_ANALYZER_NUMBER_OBJECT_CONVERSION = YES_AGGRESSIVE;
				CLANG_CXX_LANGUAGE_STANDARD = "gnu++14";
				CLANG_CXX_LIBRARY = "libc++";
				CLANG_ENABLE_MODULES = YES;
				CLANG_ENABLE_OBJC_ARC = YES;
				CLANG_WARN_BLOCK_CAPTURE_AUTORELEASING = YES;
				CLANG_WARN_BOOL_CONVERSION = YES;
				CLANG_WARN_COMMA = YES;
				CLANG_WARN_CONSTANT_CONVERSION = YES;
				CLANG_WARN_DIRECT_OBJC_ISA_USAGE = YES_ERROR;
				CLANG_WARN_DOCUMENTATION_COMMENTS = YES;
				CLANG_WARN_EMPTY_BODY = YES;
				CLANG_WARN_ENUM_CONVERSION = YES;
				CLANG_WARN_INFINITE_RECURSION = YES;
				CLANG_WARN_INT_CONVERSION = YES;
				CLANG_WARN_NON_LITERAL_NULL_CONVERSION = YES;
				CLANG_WARN_OBJC_LITERAL_CONVERSION = YES;
				CLANG_WARN_OBJC_ROOT_CLASS = YES_ERROR;
				CLANG_WARN_RANGE_LOOP_ANALYSIS = YES;
				CLANG_WARN_STRICT_PROTOTYPES = YES;
				CLANG_WARN_SUSPICIOUS_MOVE = YES;
				CLANG_WARN_UNGUARDED_AVAILABILITY = YES_AGGRESSIVE;
				CLANG_WARN_UNREACHABLE_CODE = YES;
				CLANG_WARN__DUPLICATE_METHOD_MATCH = YES;
				CODE_SIGN_IDENTITY = "iPhone Developer";
				COPY_PHASE_STRIP = NO;
				DEBUG_INFORMATION_FORMAT = dwarf;
				ENABLE_STRICT_OBJC_MSGSEND = YES;
				ENABLE_TESTABILITY = YES;
				GCC_C_LANGUAGE_STANDARD = gnu11;
				GCC_DYNAMIC_NO_PIC = NO;
				GCC_NO_COMMON_BLOCKS = YES;
				GCC_OPTIMIZATION_LEVEL = 0;
				GCC_PREPROCESSOR_DEFINITIONS = (
					"DEBUG=1",
					"$(inherited)",
				);
				GCC_WARN_64_TO_32_BIT_CONVERSION = YES;
				GCC_WARN_ABOUT_RETURN_TYPE = YES_ERROR;
				GCC_WARN_UNDECLARED_SELECTOR = YES;
				GCC_WARN_UNINITIALIZED_AUTOS = YES_AGGRESSIVE;
				GCC_WARN_UNUSED_FUNCTION = YES;
				GCC_WARN_UNUSED_VARIABLE = YES;
				IPHONEOS_DEPLOYMENT_TARGET = 10.0;
				MTL_ENABLE_DEBUG_INFO = YES;
				ONLY_ACTIVE_ARCH = YES;
				SDKROOT = iphoneos;
				SWIFT_ACTIVE_COMPILATION_CONDITIONS = DEBUG;
				SWIFT_OPTIMIZATION_LEVEL = "-Onone";
			};
			name = Debug;
		};
		CF95EAAF1F5771F200237D4C /* Release */ = {
			isa = XCBuildConfiguration;
			buildSettings = {
				ALWAYS_SEARCH_USER_PATHS = NO;
				CLANG_ANALYZER_NONNULL = YES;
				CLANG_ANALYZER_NUMBER_OBJECT_CONVERSION = YES_AGGRESSIVE;
				CLANG_CXX_LANGUAGE_STANDARD = "gnu++14";
				CLANG_CXX_LIBRARY = "libc++";
				CLANG_ENABLE_MODULES = YES;
				CLANG_ENABLE_OBJC_ARC = YES;
				CLANG_WARN_BLOCK_CAPTURE_AUTORELEASING = YES;
				CLANG_WARN_BOOL_CONVERSION = YES;
				CLANG_WARN_COMMA = YES;
				CLANG_WARN_CONSTANT_CONVERSION = YES;
				CLANG_WARN_DIRECT_OBJC_ISA_USAGE = YES_ERROR;
				CLANG_WARN_DOCUMENTATION_COMMENTS = YES;
				CLANG_WARN_EMPTY_BODY = YES;
				CLANG_WARN_ENUM_CONVERSION = YES;
				CLANG_WARN_INFINITE_RECURSION = YES;
				CLANG_WARN_INT_CONVERSION = YES;
				CLANG_WARN_NON_LITERAL_NULL_CONVERSION = YES;
				CLANG_WARN_OBJC_LITERAL_CONVERSION = YES;
				CLANG_WARN_OBJC_ROOT_CLASS = YES_ERROR;
				CLANG_WARN_RANGE_LOOP_ANALYSIS = YES;
				CLANG_WARN_STRICT_PROTOTYPES = YES;
				CLANG_WARN_SUSPICIOUS_MOVE = YES;
				CLANG_WARN_UNGUARDED_AVAILABILITY = YES_AGGRESSIVE;
				CLANG_WARN_UNREACHABLE_CODE = YES;
				CLANG_WARN__DUPLICATE_METHOD_MATCH = YES;
				CODE_SIGN_IDENTITY = "iPhone Developer";
				COPY_PHASE_STRIP = NO;
				DEBUG_INFORMATION_FORMAT = "dwarf-with-dsym";
				ENABLE_NS_ASSERTIONS = NO;
				ENABLE_STRICT_OBJC_MSGSEND = YES;
				GCC_C_LANGUAGE_STANDARD = gnu11;
				GCC_NO_COMMON_BLOCKS = YES;
				GCC_WARN_64_TO_32_BIT_CONVERSION = YES;
				GCC_WARN_ABOUT_RETURN_TYPE = YES_ERROR;
				GCC_WARN_UNDECLARED_SELECTOR = YES;
				GCC_WARN_UNINITIALIZED_AUTOS = YES_AGGRESSIVE;
				GCC_WARN_UNUSED_FUNCTION = YES;
				GCC_WARN_UNUSED_VARIABLE = YES;
				IPHONEOS_DEPLOYMENT_TARGET = 10.0;
				MTL_ENABLE_DEBUG_INFO = NO;
				SDKROOT = iphoneos;
				SWIFT_OPTIMIZATION_LEVEL = "-Owholemodule";
				VALIDATE_PRODUCT = YES;
			};
			name = Release;
		};
		CF95EAB11F5771F200237D4C /* Debug */ = {
			isa = XCBuildConfiguration;
			baseConfigurationReference = 1CACAF2BB4D091346CAB955E /* Pods-SocialMessenger.debug.xcconfig */;
			buildSettings = {
				ALWAYS_EMBED_SWIFT_STANDARD_LIBRARIES = "$(inherited)";
				ASSETCATALOG_COMPILER_APPICON_NAME = AppIcon;
				CODE_SIGN_STYLE = Automatic;
				DEVELOPMENT_TEAM = "";
				INFOPLIST_FILE = SocialMessenger/Info.plist;
				LD_RUNPATH_SEARCH_PATHS = "$(inherited) @executable_path/Frameworks";
				OTHER_SWIFT_FLAGS = "$(inherited) \"-D\" \"COCOAPODS\" -DDEBUG";
				PRODUCT_BUNDLE_IDENTIFIER = com.khanhpham.SocialMessenger;
				PRODUCT_NAME = "$(TARGET_NAME)";
				SWIFT_VERSION = 3.0;
				TARGETED_DEVICE_FAMILY = "1,2";
			};
			name = Debug;
		};
		CF95EAB21F5771F200237D4C /* Release */ = {
			isa = XCBuildConfiguration;
			baseConfigurationReference = C5E56C00BD1D3CC4FEC75DFA /* Pods-SocialMessenger.release.xcconfig */;
			buildSettings = {
				ALWAYS_EMBED_SWIFT_STANDARD_LIBRARIES = "$(inherited)";
				ASSETCATALOG_COMPILER_APPICON_NAME = AppIcon;
				CODE_SIGN_STYLE = Automatic;
				DEVELOPMENT_TEAM = "";
				INFOPLIST_FILE = SocialMessenger/Info.plist;
				LD_RUNPATH_SEARCH_PATHS = "$(inherited) @executable_path/Frameworks";
				PRODUCT_BUNDLE_IDENTIFIER = com.khanhpham.SocialMessenger;
				PRODUCT_NAME = "$(TARGET_NAME)";
				SWIFT_VERSION = 3.0;
				TARGETED_DEVICE_FAMILY = "1,2";
			};
			name = Release;
		};
		CF95EAB41F5771F200237D4C /* Debug */ = {
			isa = XCBuildConfiguration;
			baseConfigurationReference = 846F52B4805DCAAF98C76500 /* Pods-SocialMessengerTests.debug.xcconfig */;
			buildSettings = {
				ALWAYS_EMBED_SWIFT_STANDARD_LIBRARIES = "$(inherited)";
				BUNDLE_LOADER = "$(TEST_HOST)";
				CODE_SIGN_STYLE = Automatic;
				DEVELOPMENT_TEAM = 28B4UGC4GQ;
				INFOPLIST_FILE = SocialMessengerTests/Info.plist;
				LD_RUNPATH_SEARCH_PATHS = "$(inherited) @executable_path/Frameworks @loader_path/Frameworks";
				PRODUCT_BUNDLE_IDENTIFIER = com.khanhpham.SocialMessengerTests;
				PRODUCT_NAME = "$(TARGET_NAME)";
				SWIFT_VERSION = 3.0;
				TARGETED_DEVICE_FAMILY = "1,2";
				TEST_HOST = "$(BUILT_PRODUCTS_DIR)/SocialMessenger.app/SocialMessenger";
			};
			name = Debug;
		};
		CF95EAB51F5771F200237D4C /* Release */ = {
			isa = XCBuildConfiguration;
			baseConfigurationReference = 6E866C8DEF04ECE64B606A88 /* Pods-SocialMessengerTests.release.xcconfig */;
			buildSettings = {
				ALWAYS_EMBED_SWIFT_STANDARD_LIBRARIES = "$(inherited)";
				BUNDLE_LOADER = "$(TEST_HOST)";
				CODE_SIGN_STYLE = Automatic;
				DEVELOPMENT_TEAM = 28B4UGC4GQ;
				INFOPLIST_FILE = SocialMessengerTests/Info.plist;
				LD_RUNPATH_SEARCH_PATHS = "$(inherited) @executable_path/Frameworks @loader_path/Frameworks";
				PRODUCT_BUNDLE_IDENTIFIER = com.khanhpham.SocialMessengerTests;
				PRODUCT_NAME = "$(TARGET_NAME)";
				SWIFT_VERSION = 3.0;
				TARGETED_DEVICE_FAMILY = "1,2";
				TEST_HOST = "$(BUILT_PRODUCTS_DIR)/SocialMessenger.app/SocialMessenger";
			};
			name = Release;
		};
/* End XCBuildConfiguration section */

/* Begin XCConfigurationList section */
		CF95EA8E1F5771F200237D4C /* Build configuration list for PBXProject "SocialMessenger" */ = {
			isa = XCConfigurationList;
			buildConfigurations = (
				CF95EAAE1F5771F200237D4C /* Debug */,
				CF95EAAF1F5771F200237D4C /* Release */,
			);
			defaultConfigurationIsVisible = 0;
			defaultConfigurationName = Release;
		};
		CF95EAB01F5771F200237D4C /* Build configuration list for PBXNativeTarget "SocialMessenger" */ = {
			isa = XCConfigurationList;
			buildConfigurations = (
				CF95EAB11F5771F200237D4C /* Debug */,
				CF95EAB21F5771F200237D4C /* Release */,
			);
			defaultConfigurationIsVisible = 0;
			defaultConfigurationName = Release;
		};
		CF95EAB31F5771F200237D4C /* Build configuration list for PBXNativeTarget "SocialMessengerTests" */ = {
			isa = XCConfigurationList;
			buildConfigurations = (
				CF95EAB41F5771F200237D4C /* Debug */,
				CF95EAB51F5771F200237D4C /* Release */,
			);
			defaultConfigurationIsVisible = 0;
			defaultConfigurationName = Release;
		};
/* End XCConfigurationList section */
	};
	rootObject = CF95EA8B1F5771F200237D4C /* Project object */;
}
