// !$*UTF8*$!
{
	archiveVersion = 1;
	classes = {
	};
	objectVersion = 48;
	objects = {

/* Begin PBXBuildFile section */
		CF95EA971F5771F200237D4C /* AppDelegate.swift in Sources */ = {isa = PBXBuildFile; fileRef = CF95EA961F5771F200237D4C /* AppDelegate.swift */; };
		CF95EA991F5771F200237D4C /* ViewController.swift in Sources */ = {isa = PBXBuildFile; fileRef = CF95EA981F5771F200237D4C /* ViewController.swift */; };
		CF95EA9C1F5771F200237D4C /* Main.storyboard in Resources */ = {isa = PBXBuildFile; fileRef = CF95EA9A1F5771F200237D4C /* Main.storyboard */; };
		CF95EA9E1F5771F200237D4C /* Assets.xcassets in Resources */ = {isa = PBXBuildFile; fileRef = CF95EA9D1F5771F200237D4C /* Assets.xcassets */; };
		CF95EAA11F5771F200237D4C /* LaunchScreen.storyboard in Resources */ = {isa = PBXBuildFile; fileRef = CF95EA9F1F5771F200237D4C /* LaunchScreen.storyboard */; };
		CF95EAAC1F5771F200237D4C /* SocialMessengerTests.swift in Sources */ = {isa = PBXBuildFile; fileRef = CF95EAAB1F5771F200237D4C /* SocialMessengerTests.swift */; };
/* End PBXBuildFile section */

/* Begin PBXContainerItemProxy section */
		CF95EAA81F5771F200237D4C /* PBXContainerItemProxy */ = {
			isa = PBXContainerItemProxy;
			containerPortal = CF95EA8B1F5771F200237D4C /* Project object */;
			proxyType = 1;
			remoteGlobalIDString = CF95EA921F5771F200237D4C;
			remoteInfo = SocialMessenger;
		};
/* End PBXContainerItemProxy section */

/* Begin PBXFileReference section */
		CF95EA931F5771F200237D4C /* SocialMessenger.app */ = {isa = PBXFileReference; explicitFileType = wrapper.application; includeInIndex = 0; path = SocialMessenger.app; sourceTree = BUILT_PRODUCTS_DIR; };
		CF95EA961F5771F200237D4C /* AppDelegate.swift */ = {isa = PBXFileReference; lastKnownFileType = sourcecode.swift; path = AppDelegate.swift; sourceTree = "<group>"; };
		CF95EA981F5771F200237D4C /* ViewController.swift */ = {isa = PBXFileReference; lastKnownFileType = sourcecode.swift; path = ViewController.swift; sourceTree = "<group>"; };
		CF95EA9B1F5771F200237D4C /* Base */ = {isa = PBXFileReference; lastKnownFileType = file.storyboard; name = Base; path = Base.lproj/Main.storyboard; sourceTree = "<group>"; };
		CF95EA9D1F5771F200237D4C /* Assets.xcassets */ = {isa = PBXFileReference; lastKnownFileType = folder.assetcatalog; path = Assets.xcassets; sourceTree = "<group>"; };
		CF95EAA01F5771F200237D4C /* Base */ = {isa = PBXFileReference; lastKnownFileType = file.storyboard; name = Base; path = Base.lproj/LaunchScreen.storyboard; sourceTree = "<group>"; };
		CF95EAA21F5771F200237D4C /* Info.plist */ = {isa = PBXFileReference; lastKnownFileType = text.plist.xml; path = Info.plist; sourceTree = "<group>"; };
		CF95EAA71F5771F200237D4C /* SocialMessengerTests.xctest */ = {isa = PBXFileReference; explicitFileType = wrapper.cfbundle; includeInIndex = 0; path = SocialMessengerTests.xctest; sourceTree = BUILT_PRODUCTS_DIR; };
		CF95EAAB1F5771F200237D4C /* SocialMessengerTests.swift */ = {isa = PBXFileReference; lastKnownFileType = sourcecode.swift; path = SocialMessengerTests.swift; sourceTree = "<group>"; };
		CF95EAAD1F5771F200237D4C /* Info.plist */ = {isa = PBXFileReference; lastKnownFileType = text.plist.xml; path = Info.plist; sourceTree = "<group>"; };
/* End PBXFileReference section */

/* Begin PBXFrameworksBuildPhase section */
		CF95EA901F5771F200237D4C /* Frameworks */ = {
			isa = PBXFrameworksBuildPhase;
			buildActionMask = 2147483647;
			files = (
			);
			runOnlyForDeploymentPostprocessing = 0;
		};
		CF95EAA41F5771F200237D4C /* Frameworks */ = {
			isa = PBXFrameworksBuildPhase;
			buildActionMask = 2147483647;
			files = (
			);
			runOnlyForDeploymentPostprocessing = 0;
		};
/* End PBXFrameworksBuildPhase section */

/* Begin PBXGroup section */
		CF95EA8A1F5771F200237D4C = {
			isa = PBXGroup;
			children = (
				CF95EA951F5771F200237D4C /* SocialMessenger */,
				CF95EAAA1F5771F200237D4C /* SocialMessengerTests */,
				CF95EA941F5771F200237D4C /* Products */,
			);
			sourceTree = "<group>";
		};
		CF95EA941F5771F200237D4C /* Products */ = {
			isa = PBXGroup;
			children = (
				CF95EA931F5771F200237D4C /* SocialMessenger.app */,
				CF95EAA71F5771F200237D4C /* SocialMessengerTests.xctest */,
			);
			name = Products;
			sourceTree = "<group>";
		};
		CF95EA951F5771F200237D4C /* SocialMessenger */ = {
			isa = PBXGroup;
			children = (
				CF95EA961F5771F200237D4C /* AppDelegate.swift */,
				CF95EA981F5771F200237D4C /* ViewController.swift */,
				CF95EA9A1F5771F200237D4C /* Main.storyboard */,
				CF95EA9D1F5771F200237D4C /* Assets.xcassets */,
				CF95EA9F1F5771F200237D4C /* LaunchScreen.storyboard */,
				CF95EAA21F5771F200237D4C /* Info.plist */,
			);
			path = SocialMessenger;
			sourceTree = "<group>";
		};
		CF95EAAA1F5771F200237D4C /* SocialMessengerTests */ = {
			isa = PBXGroup;
			children = (
				CF95EAAB1F5771F200237D4C /* SocialMessengerTests.swift */,
				CF95EAAD1F5771F200237D4C /* Info.plist */,
			);
			path = SocialMessengerTests;
			sourceTree = "<group>";
		};
/* End PBXGroup section */

/* Begin PBXNativeTarget section */
		CF95EA921F5771F200237D4C /* SocialMessenger */ = {
			isa = PBXNativeTarget;
			buildConfigurationList = CF95EAB01F5771F200237D4C /* Build configuration list for PBXNativeTarget "SocialMessenger" */;
			buildPhases = (
				CF95EA8F1F5771F200237D4C /* Sources */,
				CF95EA901F5771F200237D4C /* Frameworks */,
				CF95EA911F5771F200237D4C /* Resources */,
			);
			buildRules = (
			);
			dependencies = (
			);
			name = SocialMessenger;
			productName = SocialMessenger;
			productReference = CF95EA931F5771F200237D4C /* SocialMessenger.app */;
			productType = "com.apple.product-type.application";
		};
		CF95EAA61F5771F200237D4C /* SocialMessengerTests */ = {
			isa = PBXNativeTarget;
			buildConfigurationList = CF95EAB31F5771F200237D4C /* Build configuration list for PBXNativeTarget "SocialMessengerTests" */;
			buildPhases = (
				CF95EAA31F5771F200237D4C /* Sources */,
				CF95EAA41F5771F200237D4C /* Frameworks */,
				CF95EAA51F5771F200237D4C /* Resources */,
			);
			buildRules = (
			);
			dependencies = (
				CF95EAA91F5771F200237D4C /* PBXTargetDependency */,
			);
			name = SocialMessengerTests;
			productName = SocialMessengerTests;
			productReference = CF95EAA71F5771F200237D4C /* SocialMessengerTests.xctest */;
			productType = "com.apple.product-type.bundle.unit-test";
		};
/* End PBXNativeTarget section */

/* Begin PBXProject section */
		CF95EA8B1F5771F200237D4C /* Project object */ = {
			isa = PBXProject;
			attributes = {
				LastSwiftUpdateCheck = 0900;
				LastUpgradeCheck = 0900;
				ORGANIZATIONNAME = "Khanh Pham";
				TargetAttributes = {
					CF95EA921F5771F200237D4C = {
						CreatedOnToolsVersion = 9.0;
						ProvisioningStyle = Automatic;
					};
					CF95EAA61F5771F200237D4C = {
						CreatedOnToolsVersion = 9.0;
						ProvisioningStyle = Automatic;
						TestTargetID = CF95EA921F5771F200237D4C;
					};
				};
			};
			buildConfigurationList = CF95EA8E1F5771F200237D4C /* Build configuration list for PBXProject "SocialMessenger" */;
			compatibilityVersion = "Xcode 8.0";
			developmentRegion = en;
			hasScannedForEncodings = 0;
			knownRegions = (
				en,
				Base,
			);
			mainGroup = CF95EA8A1F5771F200237D4C;
			productRefGroup = CF95EA941F5771F200237D4C /* Products */;
			projectDirPath = "";
			projectRoot = "";
			targets = (
				CF95EA921F5771F200237D4C /* SocialMessenger */,
				CF95EAA61F5771F200237D4C /* SocialMessengerTests */,
			);
		};
/* End PBXProject section */

/* Begin PBXResourcesBuildPhase section */
		CF95EA911F5771F200237D4C /* Resources */ = {
			isa = PBXResourcesBuildPhase;
			buildActionMask = 2147483647;
			files = (
				CF95EAA11F5771F200237D4C /* LaunchScreen.storyboard in Resources */,
				CF95EA9E1F5771F200237D4C /* Assets.xcassets in Resources */,
				CF95EA9C1F5771F200237D4C /* Main.storyboard in Resources */,
			);
			runOnlyForDeploymentPostprocessing = 0;
		};
		CF95EAA51F5771F200237D4C /* Resources */ = {
			isa = PBXResourcesBuildPhase;
			buildActionMask = 2147483647;
			files = (
			);
			runOnlyForDeploymentPostprocessing = 0;
		};
/* End PBXResourcesBuildPhase section */

/* Begin PBXSourcesBuildPhase section */
		CF95EA8F1F5771F200237D4C /* Sources */ = {
			isa = PBXSourcesBuildPhase;
			buildActionMask = 2147483647;
			files = (
				CF95EA991F5771F200237D4C /* ViewController.swift in Sources */,
				CF95EA971F5771F200237D4C /* AppDelegate.swift in Sources */,
			);
			runOnlyForDeploymentPostprocessing = 0;
		};
		CF95EAA31F5771F200237D4C /* Sources */ = {
			isa = PBXSourcesBuildPhase;
			buildActionMask = 2147483647;
			files = (
				CF95EAAC1F5771F200237D4C /* SocialMessengerTests.swift in Sources */,
			);
			runOnlyForDeploymentPostprocessing = 0;
		};
/* End PBXSourcesBuildPhase section */

/* Begin PBXTargetDependency section */
		CF95EAA91F5771F200237D4C /* PBXTargetDependency */ = {
			isa = PBXTargetDependency;
			target = CF95EA921F5771F200237D4C /* SocialMessenger */;
			targetProxy = CF95EAA81F5771F200237D4C /* PBXContainerItemProxy */;
		};
/* End PBXTargetDependency section */

/* Begin PBXVariantGroup section */
		CF95EA9A1F5771F200237D4C /* Main.storyboard */ = {
			isa = PBXVariantGroup;
			children = (
				CF95EA9B1F5771F200237D4C /* Base */,
			);
			name = Main.storyboard;
			sourceTree = "<group>";
		};
		CF95EA9F1F5771F200237D4C /* LaunchScreen.storyboard */ = {
			isa = PBXVariantGroup;
			children = (
				CF95EAA01F5771F200237D4C /* Base */,
			);
			name = LaunchScreen.storyboard;
			sourceTree = "<group>";
		};
/* End PBXVariantGroup section */

/* Begin XCBuildConfiguration section */
		CF95EAAE1F5771F200237D4C /* Debug */ = {
			isa = XCBuildConfiguration;
			buildSettings = {
				ALWAYS_SEARCH_USER_PATHS = NO;
				CLANG_ANALYZER_NONNULL = YES;
				CLANG_ANALYZER_NUMBER_OBJECT_CONVERSION = YES_AGGRESSIVE;
				CLANG_CXX_LANGUAGE_STANDARD = "gnu++14";
				CLANG_CXX_LIBRARY = "libc++";
				CLANG_ENABLE_MODULES = YES;
				CLANG_ENABLE_OBJC_ARC = YES;
				CLANG_WARN_BLOCK_CAPTURE_AUTORELEASING = YES;
				CLANG_WARN_BOOL_CONVERSION = YES;
				CLANG_WARN_COMMA = YES;
				CLANG_WARN_CONSTANT_CONVERSION = YES;
				CLANG_WARN_DIRECT_OBJC_ISA_USAGE = YES_ERROR;
				CLANG_WARN_DOCUMENTATION_COMMENTS = YES;
				CLANG_WARN_EMPTY_BODY = YES;
				CLANG_WARN_ENUM_CONVERSION = YES;
				CLANG_WARN_INFINITE_RECURSION = YES;
				CLANG_WARN_INT_CONVERSION = YES;
				CLANG_WARN_NON_LITERAL_NULL_CONVERSION = YES;
				CLANG_WARN_OBJC_LITERAL_CONVERSION = YES;
				CLANG_WARN_OBJC_ROOT_CLASS = YES_ERROR;
				CLANG_WARN_RANGE_LOOP_ANALYSIS = YES;
				CLANG_WARN_STRICT_PROTOTYPES = YES;
				CLANG_WARN_SUSPICIOUS_MOVE = YES;
				CLANG_WARN_UNGUARDED_AVAILABILITY = YES_AGGRESSIVE;
				CLANG_WARN_UNREACHABLE_CODE = YES;
				CLANG_WARN__DUPLICATE_METHOD_MATCH = YES;
				CODE_SIGN_IDENTITY = "iPhone Developer";
				COPY_PHASE_STRIP = NO;
				DEBUG_INFORMATION_FORMAT = dwarf;
				ENABLE_STRICT_OBJC_MSGSEND = YES;
				ENABLE_TESTABILITY = YES;
				GCC_C_LANGUAGE_STANDARD = gnu11;
				GCC_DYNAMIC_NO_PIC = NO;
				GCC_NO_COMMON_BLOCKS = YES;
				GCC_OPTIMIZATION_LEVEL = 0;
				GCC_PREPROCESSOR_DEFINITIONS = (
					"DEBUG=1",
					"$(inherited)",
				);
				GCC_WARN_64_TO_32_BIT_CONVERSION = YES;
				GCC_WARN_ABOUT_RETURN_TYPE = YES_ERROR;
				GCC_WARN_UNDECLARED_SELECTOR = YES;
				GCC_WARN_UNINITIALIZED_AUTOS = YES_AGGRESSIVE;
				GCC_WARN_UNUSED_FUNCTION = YES;
				GCC_WARN_UNUSED_VARIABLE = YES;
				IPHONEOS_DEPLOYMENT_TARGET = 11.0;
				MTL_ENABLE_DEBUG_INFO = YES;
				ONLY_ACTIVE_ARCH = YES;
				SDKROOT = iphoneos;
				SWIFT_ACTIVE_COMPILATION_CONDITIONS = DEBUG;
				SWIFT_OPTIMIZATION_LEVEL = "-Onone";
			};
			name = Debug;
		};
		CF95EAAF1F5771F200237D4C /* Release */ = {
			isa = XCBuildConfiguration;
			buildSettings = {
				ALWAYS_SEARCH_USER_PATHS = NO;
				CLANG_ANALYZER_NONNULL = YES;
				CLANG_ANALYZER_NUMBER_OBJECT_CONVERSION = YES_AGGRESSIVE;
				CLANG_CXX_LANGUAGE_STANDARD = "gnu++14";
				CLANG_CXX_LIBRARY = "libc++";
				CLANG_ENABLE_MODULES = YES;
				CLANG_ENABLE_OBJC_ARC = YES;
				CLANG_WARN_BLOCK_CAPTURE_AUTORELEASING = YES;
				CLANG_WARN_BOOL_CONVERSION = YES;
				CLANG_WARN_COMMA = YES;
				CLANG_WARN_CONSTANT_CONVERSION = YES;
				CLANG_WARN_DIRECT_OBJC_ISA_USAGE = YES_ERROR;
				CLANG_WARN_DOCUMENTATION_COMMENTS = YES;
				CLANG_WARN_EMPTY_BODY = YES;
				CLANG_WARN_ENUM_CONVERSION = YES;
				CLANG_WARN_INFINITE_RECURSION = YES;
				CLANG_WARN_INT_CONVERSION = YES;
				CLANG_WARN_NON_LITERAL_NULL_CONVERSION = YES;
				CLANG_WARN_OBJC_LITERAL_CONVERSION = YES;
				CLANG_WARN_OBJC_ROOT_CLASS = YES_ERROR;
				CLANG_WARN_RANGE_LOOP_ANALYSIS = YES;
				CLANG_WARN_STRICT_PROTOTYPES = YES;
				CLANG_WARN_SUSPICIOUS_MOVE = YES;
				CLANG_WARN_UNGUARDED_AVAILABILITY = YES_AGGRESSIVE;
				CLANG_WARN_UNREACHABLE_CODE = YES;
				CLANG_WARN__DUPLICATE_METHOD_MATCH = YES;
				CODE_SIGN_IDENTITY = "iPhone Developer";
				COPY_PHASE_STRIP = NO;
				DEBUG_INFORMATION_FORMAT = "dwarf-with-dsym";
				ENABLE_NS_ASSERTIONS = NO;
				ENABLE_STRICT_OBJC_MSGSEND = YES;
				GCC_C_LANGUAGE_STANDARD = gnu11;
				GCC_NO_COMMON_BLOCKS = YES;
				GCC_WARN_64_TO_32_BIT_CONVERSION = YES;
				GCC_WARN_ABOUT_RETURN_TYPE = YES_ERROR;
				GCC_WARN_UNDECLARED_SELECTOR = YES;
				GCC_WARN_UNINITIALIZED_AUTOS = YES_AGGRESSIVE;
				GCC_WARN_UNUSED_FUNCTION = YES;
				GCC_WARN_UNUSED_VARIABLE = YES;
				IPHONEOS_DEPLOYMENT_TARGET = 11.0;
				MTL_ENABLE_DEBUG_INFO = NO;
				SDKROOT = iphoneos;
				SWIFT_OPTIMIZATION_LEVEL = "-Owholemodule";
				VALIDATE_PRODUCT = YES;
			};
			name = Release;
		};
		CF95EAB11F5771F200237D4C /* Debug */ = {
			isa = XCBuildConfiguration;
			buildSettings = {
				ASSETCATALOG_COMPILER_APPICON_NAME = AppIcon;
				CODE_SIGN_STYLE = Automatic;
				DEVELOPMENT_TEAM = 28B4UGC4GQ;
				INFOPLIST_FILE = SocialMessenger/Info.plist;
				LD_RUNPATH_SEARCH_PATHS = "$(inherited) @executable_path/Frameworks";
				PRODUCT_BUNDLE_IDENTIFIER = com.khanhpham.SocialMessenger;
				PRODUCT_NAME = "$(TARGET_NAME)";
				SWIFT_VERSION = 4.0;
				TARGETED_DEVICE_FAMILY = "1,2";
			};
			name = Debug;
		};
		CF95EAB21F5771F200237D4C /* Release */ = {
			isa = XCBuildConfiguration;
			buildSettings = {
				ASSETCATALOG_COMPILER_APPICON_NAME = AppIcon;
				CODE_SIGN_STYLE = Automatic;
				DEVELOPMENT_TEAM = 28B4UGC4GQ;
				INFOPLIST_FILE = SocialMessenger/Info.plist;
				LD_RUNPATH_SEARCH_PATHS = "$(inherited) @executable_path/Frameworks";
				PRODUCT_BUNDLE_IDENTIFIER = com.khanhpham.SocialMessenger;
				PRODUCT_NAME = "$(TARGET_NAME)";
				SWIFT_VERSION = 4.0;
				TARGETED_DEVICE_FAMILY = "1,2";
			};
			name = Release;
		};
		CF95EAB41F5771F200237D4C /* Debug */ = {
			isa = XCBuildConfiguration;
			buildSettings = {
				ALWAYS_EMBED_SWIFT_STANDARD_LIBRARIES = YES;
				BUNDLE_LOADER = "$(TEST_HOST)";
				CODE_SIGN_STYLE = Automatic;
				DEVELOPMENT_TEAM = 28B4UGC4GQ;
				INFOPLIST_FILE = SocialMessengerTests/Info.plist;
				LD_RUNPATH_SEARCH_PATHS = "$(inherited) @executable_path/Frameworks @loader_path/Frameworks";
				PRODUCT_BUNDLE_IDENTIFIER = com.khanhpham.SocialMessengerTests;
				PRODUCT_NAME = "$(TARGET_NAME)";
				SWIFT_VERSION = 4.0;
				TARGETED_DEVICE_FAMILY = "1,2";
				TEST_HOST = "$(BUILT_PRODUCTS_DIR)/SocialMessenger.app/SocialMessenger";
			};
			name = Debug;
		};
		CF95EAB51F5771F200237D4C /* Release */ = {
			isa = XCBuildConfiguration;
			buildSettings = {
				ALWAYS_EMBED_SWIFT_STANDARD_LIBRARIES = YES;
				BUNDLE_LOADER = "$(TEST_HOST)";
				CODE_SIGN_STYLE = Automatic;
				DEVELOPMENT_TEAM = 28B4UGC4GQ;
				INFOPLIST_FILE = SocialMessengerTests/Info.plist;
				LD_RUNPATH_SEARCH_PATHS = "$(inherited) @executable_path/Frameworks @loader_path/Frameworks";
				PRODUCT_BUNDLE_IDENTIFIER = com.khanhpham.SocialMessengerTests;
				PRODUCT_NAME = "$(TARGET_NAME)";
				SWIFT_VERSION = 4.0;
				TARGETED_DEVICE_FAMILY = "1,2";
				TEST_HOST = "$(BUILT_PRODUCTS_DIR)/SocialMessenger.app/SocialMessenger";
			};
			name = Release;
		};
/* End XCBuildConfiguration section */

/* Begin XCConfigurationList section */
		CF95EA8E1F5771F200237D4C /* Build configuration list for PBXProject "SocialMessenger" */ = {
			isa = XCConfigurationList;
			buildConfigurations = (
				CF95EAAE1F5771F200237D4C /* Debug */,
				CF95EAAF1F5771F200237D4C /* Release */,
			);
			defaultConfigurationIsVisible = 0;
			defaultConfigurationName = Release;
		};
		CF95EAB01F5771F200237D4C /* Build configuration list for PBXNativeTarget "SocialMessenger" */ = {
			isa = XCConfigurationList;
			buildConfigurations = (
				CF95EAB11F5771F200237D4C /* Debug */,
				CF95EAB21F5771F200237D4C /* Release */,
			);
			defaultConfigurationIsVisible = 0;
			defaultConfigurationName = Release;
		};
		CF95EAB31F5771F200237D4C /* Build configuration list for PBXNativeTarget "SocialMessengerTests" */ = {
			isa = XCConfigurationList;
			buildConfigurations = (
				CF95EAB41F5771F200237D4C /* Debug */,
				CF95EAB51F5771F200237D4C /* Release */,
			);
			defaultConfigurationIsVisible = 0;
			defaultConfigurationName = Release;
		};
/* End XCConfigurationList section */
	};
	rootObject = CF95EA8B1F5771F200237D4C /* Project object */;
}
